
Microsoft Visual Studio Solution File, Format Version 12.00
# Visual Studio Version 17
VisualStudioVersion = 17.4.33205.214
MinimumVisualStudioVersion = 10.0.40219.1
Project("{8BC9CEB8-8B4A-11D0-8D11-00A0C91BC942}") = "SEP2_Project", "SEP2_Project\SEP2_Project.vcxproj", "{BA9EDF4C-8F21-4766-81A2-E4F8EAD482FE}"
EndProject
Global
	GlobalSection(SolutionConfigurationPlatforms) = preSolution
		Debug|x64 = Debug|x64
		Release|x64 = Release|x64
	EndGlobalSection
	GlobalSection(ProjectConfigurationPlatforms) = postSolution
		{BA9EDF4C-8F21-4766-81A2-E4F8EAD482FE}.Debug|x64.ActiveCfg = Debug|x64
		{BA9EDF4C-8F21-4766-81A2-E4F8EAD482FE}.Debug|x64.Build.0 = Debug|x64
		{BA9EDF4C-8F21-4766-81A2-E4F8EAD482FE}.Release|x64.ActiveCfg = Release|x64
		{BA9EDF4C-8F21-4766-81A2-E4F8EAD482FE}.Release|x64.Build.0 = Release|x64
	EndGlobalSection
	GlobalSection(SolutionProperties) = preSolution
		HideSolutionNode = FALSE
	EndGlobalSection
	GlobalSection(ExtensibilityGlobals) = postSolution
		SolutionGuid = {81B6ADF6-1906-4AF7-938F-8AB5AF33A24D}
	EndGlobalSection
EndGlobal
